{
  "name": "BanHangMVC",
  "lockfileVersion": 3,
  "requires": true,
  "packages": {
    "": {
      "dependencies": {
        "autonumeric": "^4.10.8"
      }
    },
    "node_modules/autonumeric": {
      "version": "4.10.8",
      "resolved": "https://registry.npmjs.org/autonumeric/-/autonumeric-4.10.8.tgz",
      "integrity": "sha512-mzvqyUohly0YvtllvN/BStUydBVt2bht0P3s+ujThI9g0MQUTjW9lnc4rnLlH9eBogP3FS8t70IINPW65pT5AQ==",
      "license": "MIT",
      "funding": {
        "type": "patreon",
        "url": "https://www.patreon.com/AlexandreBonneau"
      }
    }
  }
}
